<?xml version="1.0" encoding="UTF-8"?>
<CONFIG>
  <ProjectOptions>
    <Version Value="9"/>
    <General>
      <Flags>
        <MainUnitHasCreateFormStatements Value="False"/>
      </Flags>
      <SessionStorage Value="InIDEConfig"/>
      <MainUnit Value="0"/>
      <Title Value="fre_pl_server"/>
      <UseAppBundle Value="False"/>
      <ResourceType Value="res"/>
    </General>
    <i18n>
      <EnableI18N LFM="False"/>
    </i18n>
    <VersionInfo>
      <StringTable ProductVersion=""/>
    </VersionInfo>
    <BuildModes Count="1">
      <Item1 Name="Default" Default="True"/>
    </BuildModes>
    <PublishOptions>
      <Version Value="2"/>
      <IncludeFileFilter Value="*.(pas|pp|inc|lfm|lpr|lrs|lpi|lpk|sh|xml)"/>
      <ExcludeFileFilter Value="*.(bak|ppu|o|so);*~;backup"/>
    </PublishOptions>
    <RunParams>
      <local>
        <FormatVersion Value="1"/>
      </local>
    </RunParams>
    <Units Count="6">
      <Unit0>
        <Filename Value="fre_pl_server.lpr"/>
        <IsPartOfProject Value="True"/>
      </Unit0>
      <Unit1>
        <Filename Value="fre_base_client.pas"/>
        <IsPartOfProject Value="True"/>
      </Unit1>
      <Unit2>
        <Filename Value="fre_pl_dbo_server.pas"/>
        <IsPartOfProject Value="True"/>
        <UnitName Value="fre_pl_dbo_server"/>
      </Unit2>
      <Unit3>
        <Filename Value="../fre_core/fos_stats_control_interface.pas"/>
        <IsPartOfProject Value="True"/>
      </Unit3>
      <Unit4>
        <Filename Value="fre_plserver_app.pas"/>
        <IsPartOfProject Value="True"/>
        <UnitName Value="fre_plserver_app"/>
      </Unit4>
      <Unit5>
        <Filename Value="fre_basedbo_server.pas"/>
        <IsPartOfProject Value="True"/>
        <UnitName Value="fre_basedbo_server"/>
      </Unit5>
    </Units>
  </ProjectOptions>
  <CompilerOptions>
    <Version Value="11"/>
    <Target>
      <Filename Value="../../bin/fre_pl_server"/>
    </Target>
    <SearchPaths>
      <IncludeFiles Value="../fos_include;$(ProjOutDir)"/>
      <OtherUnitFiles Value="..;../fre_hal;../fre_db/create_cc_db;../fre_aps;../fre_core;../fre_fcom;../fre_blockcom;../fre_db;../fre_bullet;../fre_external;../fre_monsys;../fos_interfaces;../fre_apps;../fre_external/synapse;../fos_corebox;../fos_corebox/common"/>
      <UnitOutputDirectory Value="lib/$(TargetCPU)-$(TargetOS)"/>
    </SearchPaths>
    <Conditionals Value="if TargetOS = 'darwin' then
   CustomOptions := '-WM10.6';"/>
    <CodeGeneration>
      <TargetCPU Value="x86_64"/>
    </CodeGeneration>
    <Linking>
      <Debugging>
        <DebugInfoType Value="dsStabs"/>
      </Debugging>
    </Linking>
  </CompilerOptions>
  <Debugging>
    <Exceptions Count="5">
      <Item1>
        <Name Value="EAbort"/>
      </Item1>
      <Item2>
        <Name Value="ECodetoolError"/>
      </Item2>
      <Item3>
        <Name Value="EFOpenError"/>
      </Item3>
      <Item4>
        <Name Value="EFRE_DB_PL_Exception"/>
      </Item4>
      <Item5>
        <Name Value="EFRE_DB_Exception"/>
      </Item5>
    </Exceptions>
  </Debugging>
</CONFIG>
