<?xml version="1.0" encoding="UTF-8"?>
<CONFIG>
  <ProjectOptions>
    <Version Value="9"/>
    <General>
      <Flags>
        <MainUnitHasCreateFormStatements Value="False"/>
        <MainUnitHasTitleStatement Value="False"/>
      </Flags>
      <MainUnit Value="0"/>
      <UseAppBundle Value="False"/>
      <ResourceType Value="res"/>
    </General>
    <i18n>
      <EnableI18N LFM="False"/>
    </i18n>
    <VersionInfo>
      <StringTable ProductVersion=""/>
    </VersionInfo>
    <BuildModes Count="1" Active="Default">
      <Item1 Name="Default" Default="True"/>
    </BuildModes>
    <PublishOptions>
      <Version Value="2"/>
      <IncludeFileFilter Value="*.(pas|pp|inc|lfm|lpr|lrs|lpi|lpk|sh|xml)"/>
      <ExcludeFileFilter Value="*.(bak|ppu|o|so);*~;backup"/>
    </PublishOptions>
    <RunParams>
      <local>
        <FormatVersion Value="1"/>
        <LaunchingApplication PathPlusParams="/usr/local/bin/xterm -T 'Lazarus Run Output' -e $(LazarusDir)/tools/runwait.sh $(TargetCmdLine)"/>
      </local>
    </RunParams>
    <Units Count="8">
      <Unit0>
        <Filename Value="con_partvarqtest.pas"/>
        <IsPartOfProject Value="True"/>
        <UnitName Value="CON_PARTVARQTEST"/>
        <IsVisibleTab Value="True"/>
        <TopLine Value="14"/>
        <CursorPos X="37" Y="39"/>
        <UsageCount Value="28"/>
        <Bookmarks Count="2">
          <Item0 X="35" Y="393" ID="2"/>
          <Item1 X="25" Y="750" ID="1"/>
        </Bookmarks>
        <Loaded Value="True"/>
      </Unit0>
      <Unit1>
        <Filename Value="../FOS_CPU_TOOLS.pas"/>
        <CursorPos X="52" Y="11"/>
        <UsageCount Value="13"/>
      </Unit1>
      <Unit2>
        <Filename Value="../FOS_PARTVARQ.pas"/>
        <TopLine Value="181"/>
        <CursorPos X="17" Y="201"/>
        <UsageCount Value="13"/>
      </Unit2>
      <Unit3>
        <Filename Value="../../../flux_opt/engine/FOS_FLUX_ENGINE.pas"/>
        <TopLine Value="1801"/>
        <CursorPos X="23" Y="1818"/>
        <UsageCount Value="10"/>
      </Unit3>
      <Unit4>
        <Filename Value="../../../fpc-2.4.0/rtl/objpas/classes/classesh.inc"/>
        <TopLine Value="1396"/>
        <CursorPos X="17" Y="1429"/>
        <UsageCount Value="10"/>
      </Unit4>
      <Unit5>
        <Filename Value="../../../../fre/fre.chriko/fre_core/FOS_INTERLOCKED.pas"/>
        <TopLine Value="332"/>
        <CursorPos X="19" Y="351"/>
        <UsageCount Value="10"/>
      </Unit5>
      <Unit6>
        <Filename Value="../fpmake.pas"/>
        <CursorPos X="5" Y="5"/>
        <UsageCount Value="10"/>
      </Unit6>
      <Unit7>
        <Filename Value="../fos_basis_tools.pas"/>
        <UnitName Value="fos_basis_tools"/>
        <EditorIndex Value="1"/>
        <TopLine Value="24"/>
        <CursorPos X="25" Y="42"/>
        <UsageCount Value="10"/>
        <Loaded Value="True"/>
      </Unit7>
    </Units>
    <JumpHistory Count="29" HistoryIndex="28">
      <Position1>
        <Filename Value="CON_PARTVARQTEST.pas"/>
        <Caret Line="404" Column="12" TopLine="370"/>
      </Position1>
      <Position2>
        <Filename Value="CON_PARTVARQTEST.pas"/>
        <Caret Line="406" Column="12" TopLine="372"/>
      </Position2>
      <Position3>
        <Filename Value="CON_PARTVARQTEST.pas"/>
        <Caret Line="455" Column="13" TopLine="421"/>
      </Position3>
      <Position4>
        <Filename Value="CON_PARTVARQTEST.pas"/>
        <Caret Line="457" Column="13" TopLine="423"/>
      </Position4>
      <Position5>
        <Filename Value="CON_PARTVARQTEST.pas"/>
        <Caret Line="459" Column="13" TopLine="425"/>
      </Position5>
      <Position6>
        <Filename Value="CON_PARTVARQTEST.pas"/>
        <Caret Line="508" Column="24" TopLine="474"/>
      </Position6>
      <Position7>
        <Filename Value="CON_PARTVARQTEST.pas"/>
        <Caret Line="526" Column="26" TopLine="492"/>
      </Position7>
      <Position8>
        <Filename Value="CON_PARTVARQTEST.pas"/>
        <Caret Line="544" Column="11" TopLine="510"/>
      </Position8>
      <Position9>
        <Filename Value="CON_PARTVARQTEST.pas"/>
        <Caret Line="546" Column="11" TopLine="512"/>
      </Position9>
      <Position10>
        <Filename Value="CON_PARTVARQTEST.pas"/>
        <Caret Line="548" Column="11" TopLine="514"/>
      </Position10>
      <Position11>
        <Filename Value="CON_PARTVARQTEST.pas"/>
        <Caret Line="597" Column="28" TopLine="563"/>
      </Position11>
      <Position12>
        <Filename Value="CON_PARTVARQTEST.pas"/>
        <Caret Line="599" Column="28" TopLine="565"/>
      </Position12>
      <Position13>
        <Filename Value="CON_PARTVARQTEST.pas"/>
        <Caret Line="683" Column="17" TopLine="649"/>
      </Position13>
      <Position14>
        <Filename Value="CON_PARTVARQTEST.pas"/>
        <Caret Line="684" Column="34" TopLine="650"/>
      </Position14>
      <Position15>
        <Filename Value="CON_PARTVARQTEST.pas"/>
        <Caret Line="707" Column="15" TopLine="673"/>
      </Position15>
      <Position16>
        <Filename Value="CON_PARTVARQTEST.pas"/>
        <Caret Line="750" Column="15" TopLine="729"/>
      </Position16>
      <Position17>
        <Filename Value="CON_PARTVARQTEST.pas"/>
        <Caret Line="752" Column="26" TopLine="729"/>
      </Position17>
      <Position18>
        <Filename Value="CON_PARTVARQTEST.pas"/>
        <Caret Line="210" Column="27" TopLine="180"/>
      </Position18>
      <Position19>
        <Filename Value="CON_PARTVARQTEST.pas"/>
        <Caret Line="6" Column="25"/>
      </Position19>
      <Position20>
        <Filename Value="../fos_basis_tools.pas"/>
      </Position20>
      <Position21>
        <Filename Value="con_partvarqtest.pas"/>
        <Caret Column="74"/>
      </Position21>
      <Position22>
        <Filename Value="con_partvarqtest.pas"/>
        <Caret Line="37" Column="28" TopLine="21"/>
      </Position22>
      <Position23>
        <Filename Value="con_partvarqtest.pas"/>
        <Caret Line="39" Column="26" TopLine="24"/>
      </Position23>
      <Position24>
        <Filename Value="con_partvarqtest.pas"/>
        <Caret Line="44" TopLine="21"/>
      </Position24>
      <Position25>
        <Filename Value="con_partvarqtest.pas"/>
        <Caret Line="386" Column="3" TopLine="368"/>
      </Position25>
      <Position26>
        <Filename Value="con_partvarqtest.pas"/>
        <Caret Line="386" Column="3" TopLine="368"/>
      </Position26>
      <Position27>
        <Filename Value="con_partvarqtest.pas"/>
        <Caret Line="39" Column="43" TopLine="21"/>
      </Position27>
      <Position28>
        <Filename Value="con_partvarqtest.pas"/>
        <Caret Line="44" TopLine="27"/>
      </Position28>
      <Position29>
        <Filename Value="con_partvarqtest.pas"/>
      </Position29>
    </JumpHistory>
  </ProjectOptions>
  <CompilerOptions>
    <Version Value="11"/>
    <SearchPaths>
      <IncludeFiles Value="$(ProjOutDir)"/>
      <OtherUnitFiles Value="..;../../fre_aps;../../fre_core;../../fre_fcom;../../fre_db;../../fos_interfaces"/>
      <UnitOutputDirectory Value="lib/$(TargetCPU)-$(TargetOS)"/>
    </SearchPaths>
    <CodeGeneration>
      <Optimizations>
        <OptimizationLevel Value="0"/>
      </Optimizations>
    </CodeGeneration>
  </CompilerOptions>
  <Debugging>
    <BreakPoints Count="2">
      <Item1>
        <Kind Value="bpkSource"/>
        <WatchScope Value="wpsGlobal"/>
        <WatchKind Value="wpkWrite"/>
        <Source Value="CON_PARTVARQTEST.pas"/>
        <Line Value="382"/>
      </Item1>
      <Item2>
        <Kind Value="bpkSource"/>
        <WatchScope Value="wpsGlobal"/>
        <WatchKind Value="wpkWrite"/>
        <Source Value="CON_PARTVARQTEST.pas"/>
        <Line Value="26"/>
      </Item2>
    </BreakPoints>
    <Exceptions Count="3">
      <Item1>
        <Name Value="EAbort"/>
      </Item1>
      <Item2>
        <Name Value="ECodetoolError"/>
      </Item2>
      <Item3>
        <Name Value="EFOpenError"/>
      </Item3>
    </Exceptions>
  </Debugging>
</CONFIG>
