<?xml version="1.0"?>
<CONFIG>
  <ProjectOptions>
    <Version Value="9"/>
    <General>
      <Flags>
        <MainUnitHasCreateFormStatements Value="False"/>
        <MainUnitHasTitleStatement Value="False"/>
      </Flags>
      <MainUnit Value="0"/>
      <ResourceType Value="res"/>
      <UseXPManifest Value="True"/>
      <ActiveWindowIndexAtStart Value="0"/>
    </General>
    <i18n>
      <EnableI18N LFM="False"/>
    </i18n>
    <VersionInfo>
      <StringTable ProductVersion=""/>
    </VersionInfo>
    <BuildModes Count="1" Active="Default">
      <Item1 Name="Default" Default="True"/>
    </BuildModes>
    <PublishOptions>
      <Version Value="2"/>
      <IncludeFileFilter Value="*.(pas|pp|inc|lfm|lpr|lrs|lpi|lpk|sh|xml)"/>
      <ExcludeFileFilter Value="*.(bak|ppu|o|so);*~;backup"/>
    </PublishOptions>
    <RunParams>
      <local>
        <FormatVersion Value="1"/>
      </local>
    </RunParams>
    <Units Count="20">
      <Unit0>
        <Filename Value="test_sort.lpr"/>
        <IsPartOfProject Value="True"/>
        <UnitName Value="test_sort"/>
        <IsVisibleTab Value="True"/>
        <EditorIndex Value="0"/>
        <WindowIndex Value="0"/>
        <TopLine Value="402"/>
        <CursorPos X="5" Y="426"/>
        <UsageCount Value="70"/>
        <Loaded Value="True"/>
      </Unit0>
      <Unit1>
        <Filename Value="../FOS_DEFAULT_IMPLEMENTATION.pas"/>
        <UnitName Value="FOS_DEFAULT_IMPLEMENTATION"/>
        <WindowIndex Value="0"/>
        <TopLine Value="1"/>
        <CursorPos X="1" Y="1"/>
        <UsageCount Value="33"/>
      </Unit1>
      <Unit2>
        <Filename Value="../FOS_BASIS_TOOLS.pas"/>
        <UnitName Value="FOS_BASIS_TOOLS"/>
        <WindowIndex Value="0"/>
        <TopLine Value="1071"/>
        <CursorPos X="1" Y="1088"/>
        <UsageCount Value="33"/>
      </Unit2>
      <Unit3>
        <Filename Value="../../fre_bullet/FOS_AlignedArray.pas"/>
        <UnitName Value="FOS_AlignedArray"/>
        <WindowIndex Value="0"/>
        <TopLine Value="11"/>
        <CursorPos X="13" Y="25"/>
        <UsageCount Value="33"/>
      </Unit3>
      <Unit4>
        <Filename Value="../../../../bzr_fpc/trunk/rtl/inc/systemh.inc"/>
        <WindowIndex Value="0"/>
        <TopLine Value="485"/>
        <CursorPos X="22" Y="496"/>
        <UsageCount Value="17"/>
      </Unit4>
      <Unit5>
        <Filename Value="../../../../bzr_fpc/trunk/rtl/bsd/system.pp"/>
        <UnitName Value="System"/>
        <WindowIndex Value="0"/>
        <TopLine Value="1"/>
        <CursorPos X="1" Y="1"/>
        <UsageCount Value="17"/>
      </Unit5>
      <Unit6>
        <Filename Value="../../../../bzr_fpc/trunk/rtl/inc/cgeneric.inc"/>
        <WindowIndex Value="0"/>
        <TopLine Value="64"/>
        <CursorPos X="3" Y="29"/>
        <UsageCount Value="8"/>
      </Unit6>
      <Unit7>
        <Filename Value="../../../../bzr_fpc/trunk/packages/pasjpeg/examples/rdswitch.pas"/>
        <UnitName Value="RdSwitch"/>
        <WindowIndex Value="0"/>
        <TopLine Value="349"/>
        <CursorPos X="5" Y="381"/>
        <UsageCount Value="8"/>
      </Unit7>
      <Unit8>
        <Filename Value="../../../../bzr_fpc/trunk/packages/pasjpeg/src/jchuff.pas"/>
        <UnitName Value="JcHuff"/>
        <WindowIndex Value="0"/>
        <TopLine Value="989"/>
        <CursorPos X="3" Y="1019"/>
        <UsageCount Value="8"/>
      </Unit8>
      <Unit9>
        <Filename Value="../../../../bzr_fpc/trunk/packages/pasjpeg/src/jconfig.inc"/>
        <WindowIndex Value="0"/>
        <TopLine Value="7"/>
        <CursorPos X="11" Y="59"/>
        <UsageCount Value="8"/>
      </Unit9>
      <Unit10>
        <Filename Value="../../../../bzr_fpc/trunk/packages/pasjpeg/src/jcparam.pas"/>
        <UnitName Value="JcParam"/>
        <WindowIndex Value="0"/>
        <TopLine Value="195"/>
        <CursorPos X="3" Y="238"/>
        <UsageCount Value="8"/>
      </Unit10>
      <Unit11>
        <Filename Value="../../../../bzr_fpc/trunk/packages/pasjpeg/src/jcprepct.pas"/>
        <UnitName Value="JcPrepCT"/>
        <WindowIndex Value="0"/>
        <TopLine Value="308"/>
        <CursorPos X="5" Y="338"/>
        <UsageCount Value="8"/>
      </Unit11>
      <Unit12>
        <Filename Value="../../../../bzr_fpc/trunk/packages/pasjpeg/src/jctrans.pas"/>
        <UnitName Value="JcTrans"/>
        <WindowIndex Value="0"/>
        <TopLine Value="97"/>
        <CursorPos X="7" Y="127"/>
        <UsageCount Value="8"/>
      </Unit12>
      <Unit13>
        <Filename Value="../../../../bzr_fpc/trunk/packages/pasjpeg/src/jinclude.pas"/>
        <UnitName Value="jinclude"/>
        <WindowIndex Value="0"/>
        <TopLine Value="35"/>
        <CursorPos X="11" Y="65"/>
        <UsageCount Value="8"/>
      </Unit13>
      <Unit14>
        <Filename Value="../../../../bzr_fpc/trunk/packages/pasjpeg/src/jutils.pas"/>
        <UnitName Value="jutils"/>
        <WindowIndex Value="0"/>
        <TopLine Value="107"/>
        <CursorPos X="5" Y="137"/>
        <UsageCount Value="8"/>
      </Unit14>
      <Unit15>
        <Filename Value="../../../../bzr_fpc/trunk/rtl/win/wininc/defines.inc"/>
        <WindowIndex Value="0"/>
        <TopLine Value="4921"/>
        <CursorPos X="39" Y="5430"/>
        <UsageCount Value="8"/>
      </Unit15>
      <Unit16>
        <Filename Value="../../../../bzr_fpc/trunk/packages/libc/src/regexph.inc"/>
        <WindowIndex Value="0"/>
        <TopLine Value="69"/>
        <CursorPos X="41" Y="79"/>
        <UsageCount Value="8"/>
      </Unit16>
      <Unit17>
        <Filename Value="../../../../bzr_fpc/trunk/packages/libc/src/stringh.inc"/>
        <WindowIndex Value="0"/>
        <TopLine Value="1"/>
        <CursorPos X="1" Y="1"/>
        <UsageCount Value="8"/>
      </Unit17>
      <Unit18>
        <Filename Value="../fos_generic_sort.pas"/>
        <IsPartOfProject Value="True"/>
        <UnitName Value="FOS_GENERIC_SORT"/>
        <EditorIndex Value="1"/>
        <WindowIndex Value="0"/>
        <TopLine Value="10"/>
        <CursorPos X="51" Y="4"/>
        <UsageCount Value="47"/>
        <Bookmarks Count="1">
          <Item0 X="1" Y="39" ID="1"/>
        </Bookmarks>
        <Loaded Value="True"/>
      </Unit18>
      <Unit19>
        <Filename Value="../FOS_REDBLACKTREE_GEN.pas"/>
        <UnitName Value="FOS_REDBLACKTREE_GEN"/>
        <WindowIndex Value="0"/>
        <TopLine Value="759"/>
        <CursorPos X="1" Y="775"/>
        <UsageCount Value="16"/>
        <Bookmarks Count="1">
          <Item0 X="1" Y="714" ID="5"/>
        </Bookmarks>
      </Unit19>
    </Units>
    <JumpHistory Count="22" HistoryIndex="21">
      <Position1>
        <Filename Value="test_sort.lpr"/>
        <Caret Line="301" Column="10" TopLine="274"/>
      </Position1>
      <Position2>
        <Filename Value="test_sort.lpr"/>
        <Caret Line="271" Column="29" TopLine="246"/>
      </Position2>
      <Position3>
        <Filename Value="test_sort.lpr"/>
        <Caret Line="301" Column="50" TopLine="276"/>
      </Position3>
      <Position4>
        <Filename Value="test_sort.lpr"/>
        <Caret Line="299" Column="30" TopLine="275"/>
      </Position4>
      <Position5>
        <Filename Value="test_sort.lpr"/>
        <Caret Line="271" Column="29" TopLine="246"/>
      </Position5>
      <Position6>
        <Filename Value="test_sort.lpr"/>
        <Caret Line="299" Column="33" TopLine="274"/>
      </Position6>
      <Position7>
        <Filename Value="test_sort.lpr"/>
        <Caret Line="15" Column="18" TopLine="6"/>
      </Position7>
      <Position8>
        <Filename Value="test_sort.lpr"/>
        <Caret Line="356" Column="36" TopLine="337"/>
      </Position8>
      <Position9>
        <Filename Value="test_sort.lpr"/>
        <Caret Line="352" Column="83" TopLine="337"/>
      </Position9>
      <Position10>
        <Filename Value="test_sort.lpr"/>
        <Caret Line="22" Column="12" TopLine="3"/>
      </Position10>
      <Position11>
        <Filename Value="test_sort.lpr"/>
        <Caret Line="356" Column="36" TopLine="337"/>
      </Position11>
      <Position12>
        <Filename Value="test_sort.lpr"/>
        <Caret Line="270" Column="58" TopLine="1"/>
      </Position12>
      <Position13>
        <Filename Value="test_sort.lpr"/>
        <Caret Line="10" Column="40" TopLine="1"/>
      </Position13>
      <Position14>
        <Filename Value="test_sort.lpr"/>
        <Caret Line="270" Column="47" TopLine="255"/>
      </Position14>
      <Position15>
        <Filename Value="test_sort.lpr"/>
        <Caret Line="10" Column="38" TopLine="1"/>
      </Position15>
      <Position16>
        <Filename Value="test_sort.lpr"/>
        <Caret Line="306" Column="16" TopLine="291"/>
      </Position16>
      <Position17>
        <Filename Value="test_sort.lpr"/>
        <Caret Line="356" Column="1" TopLine="342"/>
      </Position17>
      <Position18>
        <Filename Value="test_sort.lpr"/>
        <Caret Line="373" Column="27" TopLine="355"/>
      </Position18>
      <Position19>
        <Filename Value="test_sort.lpr"/>
        <Caret Line="369" Column="1" TopLine="355"/>
      </Position19>
      <Position20>
        <Filename Value="test_sort.lpr"/>
        <Caret Line="382" Column="11" TopLine="368"/>
      </Position20>
      <Position21>
        <Filename Value="test_sort.lpr"/>
        <Caret Line="389" Column="1" TopLine="369"/>
      </Position21>
      <Position22>
        <Filename Value="test_sort.lpr"/>
        <Caret Line="403" Column="41" TopLine="389"/>
      </Position22>
    </JumpHistory>
  </ProjectOptions>
  <CompilerOptions>
    <Version Value="11"/>
    <Target>
      <Filename Value="test_sort"/>
    </Target>
    <SearchPaths>
      <IncludeFiles Value="$(ProjOutDir)"/>
      <OtherUnitFiles Value="..;../../fos_interfaces"/>
      <UnitOutputDirectory Value="lib/$(TargetCPU)-$(TargetOS)"/>
    </SearchPaths>
    <CodeGeneration>
      <HeapSize Value="100000"/>
      <TargetCPU Value="x86_64"/>
      <Optimizations>
        <VariablesInRegisters Value="True"/>
        <UncertainOptimizations Value="True"/>
        <OptimizationLevel Value="3"/>
      </Optimizations>
    </CodeGeneration>
    <Linking>
      <Debugging>
        <DebugInfoType Value="dsStabs"/>
      </Debugging>
    </Linking>
    <Other>
      <CompilerMessages>
        <UseMsgFile Value="True"/>
      </CompilerMessages>
      <CompilerPath Value="$(CompPath)"/>
    </Other>
  </CompilerOptions>
  <Debugging>
    <Exceptions Count="3">
      <Item1>
        <Name Value="EAbort"/>
      </Item1>
      <Item2>
        <Name Value="ECodetoolError"/>
      </Item2>
      <Item3>
        <Name Value="EFOpenError"/>
      </Item3>
    </Exceptions>
  </Debugging>
</CONFIG>
